// !$*UTF8*$!
{
	archiveVersion = 1;
	classes = {
	};
	objectVersion = 50;
	objects = {

/* Begin PBXBuildFile section */
		7C67C6FB213E1ABD005AEB1D /* OpportunitiesViewController.swift in Sources */ = {isa = PBXBuildFile; fileRef = 7C67C6FA213E1ABD005AEB1D /* OpportunitiesViewController.swift */; };
		7C67C6FD213E1AD2005AEB1D /* DetailOpportunitiesViewController.swift in Sources */ = {isa = PBXBuildFile; fileRef = 7C67C6FC213E1AD2005AEB1D /* DetailOpportunitiesViewController.swift */; };
		7C67C6FF213E1AED005AEB1D /* OpportunitiesTableViewCell.swift in Sources */ = {isa = PBXBuildFile; fileRef = 7C67C6FE213E1AED005AEB1D /* OpportunitiesTableViewCell.swift */; };
		7CAEA32E213E49B000B5DB2D /* PendingUserTableViewCell.swift in Sources */ = {isa = PBXBuildFile; fileRef = 7CAEA32D213E49B000B5DB2D /* PendingUserTableViewCell.swift */; };
		89E5EE6A213D6ED00030D15D /* GoogleService-Info.plist in Resources */ = {isa = PBXBuildFile; fileRef = 89E5EE69213D6ECF0030D15D /* GoogleService-Info.plist */; };
		89E5EE6F213D771A0030D15D /* InitialViewController.swift in Sources */ = {isa = PBXBuildFile; fileRef = 89E5EE6E213D771A0030D15D /* InitialViewController.swift */; };
		89E5EE71213E24BB0030D15D /* SignUpViewController.swift in Sources */ = {isa = PBXBuildFile; fileRef = 89E5EE70213E24BB0030D15D /* SignUpViewController.swift */; };
		89E5EE73213E71E90030D15D /* Opportunity.swift in Sources */ = {isa = PBXBuildFile; fileRef = 89E5EE72213E71E90030D15D /* Opportunity.swift */; };
		B4B87D86226ECB82180CBACF /* Pods_VOLUNTEERAPP.framework in Frameworks */ = {isa = PBXBuildFile; fileRef = 55794FBD041D031937701418 /* Pods_VOLUNTEERAPP.framework */; };
		F806C073213D682400CD3E9F /* AppDelegate.swift in Sources */ = {isa = PBXBuildFile; fileRef = F806C072213D682400CD3E9F /* AppDelegate.swift */; };
		F806C078213D682400CD3E9F /* Main.storyboard in Resources */ = {isa = PBXBuildFile; fileRef = F806C076213D682400CD3E9F /* Main.storyboard */; };
		F806C07B213D682400CD3E9F /* VOLUNTEERAPP.xcdatamodeld in Sources */ = {isa = PBXBuildFile; fileRef = F806C079213D682400CD3E9F /* VOLUNTEERAPP.xcdatamodeld */; };
		F806C07D213D682800CD3E9F /* Assets.xcassets in Resources */ = {isa = PBXBuildFile; fileRef = F806C07C213D682800CD3E9F /* Assets.xcassets */; };
		F806C080213D682800CD3E9F /* LaunchScreen.storyboard in Resources */ = {isa = PBXBuildFile; fileRef = F806C07E213D682800CD3E9F /* LaunchScreen.storyboard */; };
		F806C08B213D6B5700CD3E9F /* User.storyboard in Resources */ = {isa = PBXBuildFile; fileRef = F806C08A213D6B5700CD3E9F /* User.storyboard */; };
		F8A75445213E34B200964462 /* OpportunitiesCell.swift in Sources */ = {isa = PBXBuildFile; fileRef = F8A75444213E34B200964462 /* OpportunitiesCell.swift */; };
		F8A75449213E460F00964462 /* AddOpportunitiesViewController.swift in Sources */ = {isa = PBXBuildFile; fileRef = F8A75448213E460F00964462 /* AddOpportunitiesViewController.swift */; };
		F8DAF41A213E2C9C005BE1C3 /* PendingUserViewController.swift in Sources */ = {isa = PBXBuildFile; fileRef = F8DAF416213E2C9C005BE1C3 /* PendingUserViewController.swift */; };
		F8DAF41B213E2C9C005BE1C3 /* OpportunitiesApplicantViewController.swift in Sources */ = {isa = PBXBuildFile; fileRef = F8DAF417213E2C9C005BE1C3 /* OpportunitiesApplicantViewController.swift */; };
		F8DAF41C213E2C9C005BE1C3 /* DetailOpportunitiesApplicantViewController.swift in Sources */ = {isa = PBXBuildFile; fileRef = F8DAF418213E2C9C005BE1C3 /* DetailOpportunitiesApplicantViewController.swift */; };
		F8DAF41D213E2C9C005BE1C3 /* DetailPendingUserDetailViewController.swift in Sources */ = {isa = PBXBuildFile; fileRef = F8DAF419213E2C9C005BE1C3 /* DetailPendingUserDetailViewController.swift */; };
		F8DAF421213E2D9B005BE1C3 /* Organization.storyboard in Resources */ = {isa = PBXBuildFile; fileRef = F8DAF420213E2D9B005BE1C3 /* Organization.storyboard */; };
/* End PBXBuildFile section */

/* Begin PBXFileReference section */
		55794FBD041D031937701418 /* Pods_VOLUNTEERAPP.framework */ = {isa = PBXFileReference; explicitFileType = wrapper.framework; includeInIndex = 0; path = Pods_VOLUNTEERAPP.framework; sourceTree = BUILT_PRODUCTS_DIR; };
		5ACF549F708F42861DD742AA /* Pods-VOLUNTEERAPP.release.xcconfig */ = {isa = PBXFileReference; includeInIndex = 1; lastKnownFileType = text.xcconfig; name = "Pods-VOLUNTEERAPP.release.xcconfig"; path = "Pods/Target Support Files/Pods-VOLUNTEERAPP/Pods-VOLUNTEERAPP.release.xcconfig"; sourceTree = "<group>"; };
		7C67C6FA213E1ABD005AEB1D /* OpportunitiesViewController.swift */ = {isa = PBXFileReference; lastKnownFileType = sourcecode.swift; path = OpportunitiesViewController.swift; sourceTree = "<group>"; };
		7C67C6FC213E1AD2005AEB1D /* DetailOpportunitiesViewController.swift */ = {isa = PBXFileReference; lastKnownFileType = sourcecode.swift; path = DetailOpportunitiesViewController.swift; sourceTree = "<group>"; };
		7C67C6FE213E1AED005AEB1D /* OpportunitiesTableViewCell.swift */ = {isa = PBXFileReference; lastKnownFileType = sourcecode.swift; path = OpportunitiesTableViewCell.swift; sourceTree = "<group>"; };
		7CAEA32D213E49B000B5DB2D /* PendingUserTableViewCell.swift */ = {isa = PBXFileReference; lastKnownFileType = sourcecode.swift; path = PendingUserTableViewCell.swift; sourceTree = "<group>"; };
		89E5EE69213D6ECF0030D15D /* GoogleService-Info.plist */ = {isa = PBXFileReference; fileEncoding = 4; lastKnownFileType = text.plist.xml; path = "GoogleService-Info.plist"; sourceTree = "<group>"; };
		89E5EE6E213D771A0030D15D /* InitialViewController.swift */ = {isa = PBXFileReference; lastKnownFileType = sourcecode.swift; path = InitialViewController.swift; sourceTree = "<group>"; };
		89E5EE70213E24BB0030D15D /* SignUpViewController.swift */ = {isa = PBXFileReference; lastKnownFileType = sourcecode.swift; path = SignUpViewController.swift; sourceTree = "<group>"; };
		89E5EE72213E71E90030D15D /* Opportunity.swift */ = {isa = PBXFileReference; lastKnownFileType = sourcecode.swift; path = Opportunity.swift; sourceTree = "<group>"; };
		8AFDF0FFED059DCFEF9A2CFF /* Pods-VOLUNTEERAPP.debug.xcconfig */ = {isa = PBXFileReference; includeInIndex = 1; lastKnownFileType = text.xcconfig; name = "Pods-VOLUNTEERAPP.debug.xcconfig"; path = "Pods/Target Support Files/Pods-VOLUNTEERAPP/Pods-VOLUNTEERAPP.debug.xcconfig"; sourceTree = "<group>"; };
		F806C06F213D682400CD3E9F /* VOLUNTEERAPP.app */ = {isa = PBXFileReference; explicitFileType = wrapper.application; includeInIndex = 0; path = VOLUNTEERAPP.app; sourceTree = BUILT_PRODUCTS_DIR; };
		F806C072213D682400CD3E9F /* AppDelegate.swift */ = {isa = PBXFileReference; lastKnownFileType = sourcecode.swift; path = AppDelegate.swift; sourceTree = "<group>"; };
		F806C077213D682400CD3E9F /* Base */ = {isa = PBXFileReference; lastKnownFileType = file.storyboard; name = Base; path = Base.lproj/Main.storyboard; sourceTree = "<group>"; };
		F806C07A213D682400CD3E9F /* VOLUNTEERAPP.xcdatamodel */ = {isa = PBXFileReference; lastKnownFileType = wrapper.xcdatamodel; path = VOLUNTEERAPP.xcdatamodel; sourceTree = "<group>"; };
		F806C07C213D682800CD3E9F /* Assets.xcassets */ = {isa = PBXFileReference; lastKnownFileType = folder.assetcatalog; path = Assets.xcassets; sourceTree = "<group>"; };
		F806C07F213D682800CD3E9F /* Base */ = {isa = PBXFileReference; lastKnownFileType = file.storyboard; name = Base; path = Base.lproj/LaunchScreen.storyboard; sourceTree = "<group>"; };
		F806C081213D682800CD3E9F /* Info.plist */ = {isa = PBXFileReference; lastKnownFileType = text.plist.xml; path = Info.plist; sourceTree = "<group>"; };
		F806C08A213D6B5700CD3E9F /* User.storyboard */ = {isa = PBXFileReference; fileEncoding = 4; lastKnownFileType = file.storyboard; path = User.storyboard; sourceTree = "<group>"; };
		F8A75444213E34B200964462 /* OpportunitiesCell.swift */ = {isa = PBXFileReference; fileEncoding = 4; lastKnownFileType = sourcecode.swift; name = OpportunitiesCell.swift; path = VOLUNTEERAPP/Controller/Organization/OpportunitiesCell.swift; sourceTree = SOURCE_ROOT; };
		F8A75448213E460F00964462 /* AddOpportunitiesViewController.swift */ = {isa = PBXFileReference; lastKnownFileType = sourcecode.swift; path = AddOpportunitiesViewController.swift; sourceTree = "<group>"; };
		F8DAF416213E2C9C005BE1C3 /* PendingUserViewController.swift */ = {isa = PBXFileReference; fileEncoding = 4; lastKnownFileType = sourcecode.swift; path = PendingUserViewController.swift; sourceTree = "<group>"; };
		F8DAF417213E2C9C005BE1C3 /* OpportunitiesApplicantViewController.swift */ = {isa = PBXFileReference; fileEncoding = 4; lastKnownFileType = sourcecode.swift; path = OpportunitiesApplicantViewController.swift; sourceTree = "<group>"; };
		F8DAF418213E2C9C005BE1C3 /* DetailOpportunitiesApplicantViewController.swift */ = {isa = PBXFileReference; fileEncoding = 4; lastKnownFileType = sourcecode.swift; path = DetailOpportunitiesApplicantViewController.swift; sourceTree = "<group>"; };
		F8DAF419213E2C9C005BE1C3 /* DetailPendingUserDetailViewController.swift */ = {isa = PBXFileReference; fileEncoding = 4; lastKnownFileType = sourcecode.swift; path = DetailPendingUserDetailViewController.swift; sourceTree = "<group>"; };
		F8DAF420213E2D9B005BE1C3 /* Organization.storyboard */ = {isa = PBXFileReference; fileEncoding = 4; lastKnownFileType = file.storyboard; path = Organization.storyboard; sourceTree = "<group>"; };
/* End PBXFileReference section */

/* Begin PBXFrameworksBuildPhase section */
		F806C06C213D682400CD3E9F /* Frameworks */ = {
			isa = PBXFrameworksBuildPhase;
			buildActionMask = 2147483647;
			files = (
				B4B87D86226ECB82180CBACF /* Pods_VOLUNTEERAPP.framework in Frameworks */,
			);
			runOnlyForDeploymentPostprocessing = 0;
		};
/* End PBXFrameworksBuildPhase section */

/* Begin PBXGroup section */
		7A212569CBCBA8219AC6A377 /* Frameworks */ = {
			isa = PBXGroup;
			children = (
				55794FBD041D031937701418 /* Pods_VOLUNTEERAPP.framework */,
			);
			name = Frameworks;
			sourceTree = "<group>";
		};
		7C67C6F9213E1A61005AEB1D /* User */ = {
			isa = PBXGroup;
			children = (
				7C67C6FA213E1ABD005AEB1D /* OpportunitiesViewController.swift */,
				7C67C6FC213E1AD2005AEB1D /* DetailOpportunitiesViewController.swift */,
				7C67C6FE213E1AED005AEB1D /* OpportunitiesTableViewCell.swift */,
				89E5EE72213E71E90030D15D /* Opportunity.swift */,
			);
			path = User;
			sourceTree = "<group>";
		};
		89E5EE63213D6D000030D15D /* Initial */ = {
			isa = PBXGroup;
			children = (
				F806C076213D682400CD3E9F /* Main.storyboard */,
			);
			path = Initial;
			sourceTree = "<group>";
		};
		89E5EE64213D6D130030D15D /* User */ = {
			isa = PBXGroup;
			children = (
				F806C08A213D6B5700CD3E9F /* User.storyboard */,
			);
			path = User;
			sourceTree = "<group>";
		};
		89E5EE65213D6D1A0030D15D /* Organization */ = {
			isa = PBXGroup;
			children = (
				F8DAF420213E2D9B005BE1C3 /* Organization.storyboard */,
			);
			path = Organization;
			sourceTree = "<group>";
		};
		89E5EE66213D6DE10030D15D /* View */ = {
			isa = PBXGroup;
			children = (
				89E5EE63213D6D000030D15D /* Initial */,
				89E5EE64213D6D130030D15D /* User */,
				89E5EE65213D6D1A0030D15D /* Organization */,
			);
			path = View;
			sourceTree = "<group>";
		};
		89E5EE67213D6DFE0030D15D /* Controller */ = {
			isa = PBXGroup;
			children = (
				7C67C6F9213E1A61005AEB1D /* User */,
				89E5EE6B213D75E70030D15D /* Initial */,
				F806C08C213D6EA300CD3E9F /* Organization */,
			);
			path = Controller;
			sourceTree = "<group>";
		};
		89E5EE6B213D75E70030D15D /* Initial */ = {
			isa = PBXGroup;
			children = (
				89E5EE70213E24BB0030D15D /* SignUpViewController.swift */,
				89E5EE6E213D771A0030D15D /* InitialViewController.swift */,
			);
			path = Initial;
			sourceTree = "<group>";
		};
		D40D370CD512B30D21C7F66E /* Pods */ = {
			isa = PBXGroup;
			children = (
				8AFDF0FFED059DCFEF9A2CFF /* Pods-VOLUNTEERAPP.debug.xcconfig */,
				5ACF549F708F42861DD742AA /* Pods-VOLUNTEERAPP.release.xcconfig */,
			);
			name = Pods;
			sourceTree = "<group>";
		};
		F806C066213D682400CD3E9F = {
			isa = PBXGroup;
			children = (
				F806C071213D682400CD3E9F /* VOLUNTEERAPP */,
				F806C070213D682400CD3E9F /* Products */,
				D40D370CD512B30D21C7F66E /* Pods */,
				7A212569CBCBA8219AC6A377 /* Frameworks */,
			);
			sourceTree = "<group>";
		};
		F806C070213D682400CD3E9F /* Products */ = {
			isa = PBXGroup;
			children = (
				F806C06F213D682400CD3E9F /* VOLUNTEERAPP.app */,
			);
			name = Products;
			sourceTree = "<group>";
		};
		F806C071213D682400CD3E9F /* VOLUNTEERAPP */ = {
			isa = PBXGroup;
			children = (
				89E5EE67213D6DFE0030D15D /* Controller */,
				89E5EE66213D6DE10030D15D /* View */,
				F806C072213D682400CD3E9F /* AppDelegate.swift */,
				F806C07C213D682800CD3E9F /* Assets.xcassets */,
				F806C07E213D682800CD3E9F /* LaunchScreen.storyboard */,
				F806C081213D682800CD3E9F /* Info.plist */,
				F806C079213D682400CD3E9F /* VOLUNTEERAPP.xcdatamodeld */,
				89E5EE69213D6ECF0030D15D /* GoogleService-Info.plist */,
			);
			path = VOLUNTEERAPP;
			sourceTree = "<group>";
		};
		F806C08C213D6EA300CD3E9F /* Organization */ = {
			isa = PBXGroup;
			children = (
				F8A75444213E34B200964462 /* OpportunitiesCell.swift */,
				F8DAF418213E2C9C005BE1C3 /* DetailOpportunitiesApplicantViewController.swift */,
				F8DAF419213E2C9C005BE1C3 /* DetailPendingUserDetailViewController.swift */,
				F8DAF417213E2C9C005BE1C3 /* OpportunitiesApplicantViewController.swift */,
				F8DAF416213E2C9C005BE1C3 /* PendingUserViewController.swift */,
				7CAEA32D213E49B000B5DB2D /* PendingUserTableViewCell.swift */,
				F8A75448213E460F00964462 /* AddOpportunitiesViewController.swift */,
			);
			path = Organization;
			sourceTree = "<group>";
		};
/* End PBXGroup section */

/* Begin PBXNativeTarget section */
		F806C06E213D682400CD3E9F /* VOLUNTEERAPP */ = {
			isa = PBXNativeTarget;
			buildConfigurationList = F806C084213D682800CD3E9F /* Build configuration list for PBXNativeTarget "VOLUNTEERAPP" */;
			buildPhases = (
				773C6ECFBE4449461C0760F2 /* [CP] Check Pods Manifest.lock */,
				F806C06B213D682400CD3E9F /* Sources */,
				F806C06C213D682400CD3E9F /* Frameworks */,
				F806C06D213D682400CD3E9F /* Resources */,
				3E9D14BF04FD94A78044801C /* [CP] Embed Pods Frameworks */,
			);
			buildRules = (
			);
			dependencies = (
			);
			name = VOLUNTEERAPP;
			productName = VOLUNTEERAPP;
			productReference = F806C06F213D682400CD3E9F /* VOLUNTEERAPP.app */;
			productType = "com.apple.product-type.application";
		};
/* End PBXNativeTarget section */

/* Begin PBXProject section */
		F806C067213D682400CD3E9F /* Project object */ = {
			isa = PBXProject;
			attributes = {
				LastSwiftUpdateCheck = 0940;
				LastUpgradeCheck = 0940;
				ORGANIZATIONNAME = Klaudius;
				TargetAttributes = {
					F806C06E213D682400CD3E9F = {
						CreatedOnToolsVersion = 9.4.1;
					};
				};
			};
			buildConfigurationList = F806C06A213D682400CD3E9F /* Build configuration list for PBXProject "VOLUNTEERAPP" */;
			compatibilityVersion = "Xcode 9.3";
			developmentRegion = en;
			hasScannedForEncodings = 0;
			knownRegions = (
				en,
				Base,
			);
			mainGroup = F806C066213D682400CD3E9F;
			productRefGroup = F806C070213D682400CD3E9F /* Products */;
			projectDirPath = "";
			projectRoot = "";
			targets = (
				F806C06E213D682400CD3E9F /* VOLUNTEERAPP */,
			);
		};
/* End PBXProject section */

/* Begin PBXResourcesBuildPhase section */
		F806C06D213D682400CD3E9F /* Resources */ = {
			isa = PBXResourcesBuildPhase;
			buildActionMask = 2147483647;
			files = (
				F806C080213D682800CD3E9F /* LaunchScreen.storyboard in Resources */,
				F806C08B213D6B5700CD3E9F /* User.storyboard in Resources */,
				F806C07D213D682800CD3E9F /* Assets.xcassets in Resources */,
				F8DAF421213E2D9B005BE1C3 /* Organization.storyboard in Resources */,
				F806C078213D682400CD3E9F /* Main.storyboard in Resources */,
				89E5EE6A213D6ED00030D15D /* GoogleService-Info.plist in Resources */,
			);
			runOnlyForDeploymentPostprocessing = 0;
		};
/* End PBXResourcesBuildPhase section */

/* Begin PBXShellScriptBuildPhase section */
		3E9D14BF04FD94A78044801C /* [CP] Embed Pods Frameworks */ = {
			isa = PBXShellScriptBuildPhase;
			buildActionMask = 2147483647;
			files = (
			);
			inputPaths = (
				"${SRCROOT}/Pods/Target Support Files/Pods-VOLUNTEERAPP/Pods-VOLUNTEERAPP-frameworks.sh",
				"${BUILT_PRODUCTS_DIR}/GTMSessionFetcher/GTMSessionFetcher.framework",
				"${BUILT_PRODUCTS_DIR}/GoogleUtilities/GoogleUtilities.framework",
				"${BUILT_PRODUCTS_DIR}/leveldb-library/leveldb.framework",
				"${BUILT_PRODUCTS_DIR}/nanopb/nanopb.framework",
			);
			name = "[CP] Embed Pods Frameworks";
			outputPaths = (
				"${TARGET_BUILD_DIR}/${FRAMEWORKS_FOLDER_PATH}/GTMSessionFetcher.framework",
				"${TARGET_BUILD_DIR}/${FRAMEWORKS_FOLDER_PATH}/GoogleUtilities.framework",
				"${TARGET_BUILD_DIR}/${FRAMEWORKS_FOLDER_PATH}/leveldb.framework",
				"${TARGET_BUILD_DIR}/${FRAMEWORKS_FOLDER_PATH}/nanopb.framework",
			);
			runOnlyForDeploymentPostprocessing = 0;
			shellPath = /bin/sh;
			shellScript = "\"${SRCROOT}/Pods/Target Support Files/Pods-VOLUNTEERAPP/Pods-VOLUNTEERAPP-frameworks.sh\"\n";
			showEnvVarsInLog = 0;
		};
		773C6ECFBE4449461C0760F2 /* [CP] Check Pods Manifest.lock */ = {
			isa = PBXShellScriptBuildPhase;
			buildActionMask = 2147483647;
			files = (
			);
			inputPaths = (
				"${PODS_PODFILE_DIR_PATH}/Podfile.lock",
				"${PODS_ROOT}/Manifest.lock",
			);
			name = "[CP] Check Pods Manifest.lock";
			outputPaths = (
				"$(DERIVED_FILE_DIR)/Pods-VOLUNTEERAPP-checkManifestLockResult.txt",
			);
			runOnlyForDeploymentPostprocessing = 0;
			shellPath = /bin/sh;
			shellScript = "diff \"${PODS_PODFILE_DIR_PATH}/Podfile.lock\" \"${PODS_ROOT}/Manifest.lock\" > /dev/null\nif [ $? != 0 ] ; then\n    # print error to STDERR\n    echo \"error: The sandbox is not in sync with the Podfile.lock. Run 'pod install' or update your CocoaPods installation.\" >&2\n    exit 1\nfi\n# This output is used by Xcode 'outputs' to avoid re-running this script phase.\necho \"SUCCESS\" > \"${SCRIPT_OUTPUT_FILE_0}\"\n";
			showEnvVarsInLog = 0;
		};
/* End PBXShellScriptBuildPhase section */

/* Begin PBXSourcesBuildPhase section */
		F806C06B213D682400CD3E9F /* Sources */ = {
			isa = PBXSourcesBuildPhase;
			buildActionMask = 2147483647;
			files = (
				F8A75449213E460F00964462 /* AddOpportunitiesViewController.swift in Sources */,
				F8DAF41A213E2C9C005BE1C3 /* PendingUserViewController.swift in Sources */,
				7C67C6FB213E1ABD005AEB1D /* OpportunitiesViewController.swift in Sources */,
				89E5EE73213E71E90030D15D /* Opportunity.swift in Sources */,
				89E5EE71213E24BB0030D15D /* SignUpViewController.swift in Sources */,
				89E5EE6F213D771A0030D15D /* InitialViewController.swift in Sources */,
				F8DAF41D213E2C9C005BE1C3 /* DetailPendingUserDetailViewController.swift in Sources */,
				7CAEA32E213E49B000B5DB2D /* PendingUserTableViewCell.swift in Sources */,
				7C67C6FF213E1AED005AEB1D /* OpportunitiesTableViewCell.swift in Sources */,
				F806C07B213D682400CD3E9F /* VOLUNTEERAPP.xcdatamodeld in Sources */,
				F8DAF41B213E2C9C005BE1C3 /* OpportunitiesApplicantViewController.swift in Sources */,
				F806C073213D682400CD3E9F /* AppDelegate.swift in Sources */,
				F8DAF41C213E2C9C005BE1C3 /* DetailOpportunitiesApplicantViewController.swift in Sources */,
				7C67C6FD213E1AD2005AEB1D /* DetailOpportunitiesViewController.swift in Sources */,
				F8A75445213E34B200964462 /* OpportunitiesCell.swift in Sources */,
			);
			runOnlyForDeploymentPostprocessing = 0;
		};
/* End PBXSourcesBuildPhase section */

/* Begin PBXVariantGroup section */
		F806C076213D682400CD3E9F /* Main.storyboard */ = {
			isa = PBXVariantGroup;
			children = (
				F806C077213D682400CD3E9F /* Base */,
			);
			name = Main.storyboard;
			sourceTree = "<group>";
		};
		F806C07E213D682800CD3E9F /* LaunchScreen.storyboard */ = {
			isa = PBXVariantGroup;
			children = (
				F806C07F213D682800CD3E9F /* Base */,
			);
			name = LaunchScreen.storyboard;
			sourceTree = "<group>";
		};
/* End PBXVariantGroup section */

/* Begin XCBuildConfiguration section */
		F806C082213D682800CD3E9F /* Debug */ = {
			isa = XCBuildConfiguration;
			buildSettings = {
				ALWAYS_SEARCH_USER_PATHS = NO;
				CLANG_ANALYZER_NONNULL = YES;
				CLANG_ANALYZER_NUMBER_OBJECT_CONVERSION = YES_AGGRESSIVE;
				CLANG_CXX_LANGUAGE_STANDARD = "gnu++14";
				CLANG_CXX_LIBRARY = "libc++";
				CLANG_ENABLE_MODULES = YES;
				CLANG_ENABLE_OBJC_ARC = YES;
				CLANG_ENABLE_OBJC_WEAK = YES;
				CLANG_WARN_BLOCK_CAPTURE_AUTORELEASING = YES;
				CLANG_WARN_BOOL_CONVERSION = YES;
				CLANG_WARN_COMMA = YES;
				CLANG_WARN_CONSTANT_CONVERSION = YES;
				CLANG_WARN_DEPRECATED_OBJC_IMPLEMENTATIONS = YES;
				CLANG_WARN_DIRECT_OBJC_ISA_USAGE = YES_ERROR;
				CLANG_WARN_DOCUMENTATION_COMMENTS = YES;
				CLANG_WARN_EMPTY_BODY = YES;
				CLANG_WARN_ENUM_CONVERSION = YES;
				CLANG_WARN_INFINITE_RECURSION = YES;
				CLANG_WARN_INT_CONVERSION = YES;
				CLANG_WARN_NON_LITERAL_NULL_CONVERSION = YES;
				CLANG_WARN_OBJC_IMPLICIT_RETAIN_SELF = YES;
				CLANG_WARN_OBJC_LITERAL_CONVERSION = YES;
				CLANG_WARN_OBJC_ROOT_CLASS = YES_ERROR;
				CLANG_WARN_RANGE_LOOP_ANALYSIS = YES;
				CLANG_WARN_STRICT_PROTOTYPES = YES;
				CLANG_WARN_SUSPICIOUS_MOVE = YES;
				CLANG_WARN_UNGUARDED_AVAILABILITY = YES_AGGRESSIVE;
				CLANG_WARN_UNREACHABLE_CODE = YES;
				CLANG_WARN__DUPLICATE_METHOD_MATCH = YES;
				CODE_SIGN_IDENTITY = "iPhone Developer";
				COPY_PHASE_STRIP = NO;
				DEBUG_INFORMATION_FORMAT = dwarf;
				ENABLE_STRICT_OBJC_MSGSEND = YES;
				ENABLE_TESTABILITY = YES;
				GCC_C_LANGUAGE_STANDARD = gnu11;
				GCC_DYNAMIC_NO_PIC = NO;
				GCC_NO_COMMON_BLOCKS = YES;
				GCC_OPTIMIZATION_LEVEL = 0;
				GCC_PREPROCESSOR_DEFINITIONS = (
					"DEBUG=1",
					"$(inherited)",
				);
				GCC_WARN_64_TO_32_BIT_CONVERSION = YES;
				GCC_WARN_ABOUT_RETURN_TYPE = YES_ERROR;
				GCC_WARN_UNDECLARED_SELECTOR = YES;
				GCC_WARN_UNINITIALIZED_AUTOS = YES_AGGRESSIVE;
				GCC_WARN_UNUSED_FUNCTION = YES;
				GCC_WARN_UNUSED_VARIABLE = YES;
				IPHONEOS_DEPLOYMENT_TARGET = 11.4;
				MTL_ENABLE_DEBUG_INFO = YES;
				ONLY_ACTIVE_ARCH = YES;
				SDKROOT = iphoneos;
				SWIFT_ACTIVE_COMPILATION_CONDITIONS = DEBUG;
				SWIFT_OPTIMIZATION_LEVEL = "-Onone";
			};
			name = Debug;
		};
		F806C083213D682800CD3E9F /* Release */ = {
			isa = XCBuildConfiguration;
			buildSettings = {
				ALWAYS_SEARCH_USER_PATHS = NO;
				CLANG_ANALYZER_NONNULL = YES;
				CLANG_ANALYZER_NUMBER_OBJECT_CONVERSION = YES_AGGRESSIVE;
				CLANG_CXX_LANGUAGE_STANDARD = "gnu++14";
				CLANG_CXX_LIBRARY = "libc++";
				CLANG_ENABLE_MODULES = YES;
				CLANG_ENABLE_OBJC_ARC = YES;
				CLANG_ENABLE_OBJC_WEAK = YES;
				CLANG_WARN_BLOCK_CAPTURE_AUTORELEASING = YES;
				CLANG_WARN_BOOL_CONVERSION = YES;
				CLANG_WARN_COMMA = YES;
				CLANG_WARN_CONSTANT_CONVERSION = YES;
				CLANG_WARN_DEPRECATED_OBJC_IMPLEMENTATIONS = YES;
				CLANG_WARN_DIRECT_OBJC_ISA_USAGE = YES_ERROR;
				CLANG_WARN_DOCUMENTATION_COMMENTS = YES;
				CLANG_WARN_EMPTY_BODY = YES;
				CLANG_WARN_ENUM_CONVERSION = YES;
				CLANG_WARN_INFINITE_RECURSION = YES;
				CLANG_WARN_INT_CONVERSION = YES;
				CLANG_WARN_NON_LITERAL_NULL_CONVERSION = YES;
				CLANG_WARN_OBJC_IMPLICIT_RETAIN_SELF = YES;
				CLANG_WARN_OBJC_LITERAL_CONVERSION = YES;
				CLANG_WARN_OBJC_ROOT_CLASS = YES_ERROR;
				CLANG_WARN_RANGE_LOOP_ANALYSIS = YES;
				CLANG_WARN_STRICT_PROTOTYPES = YES;
				CLANG_WARN_SUSPICIOUS_MOVE = YES;
				CLANG_WARN_UNGUARDED_AVAILABILITY = YES_AGGRESSIVE;
				CLANG_WARN_UNREACHABLE_CODE = YES;
				CLANG_WARN__DUPLICATE_METHOD_MATCH = YES;
				CODE_SIGN_IDENTITY = "iPhone Developer";
				COPY_PHASE_STRIP = NO;
				DEBUG_INFORMATION_FORMAT = "dwarf-with-dsym";
				ENABLE_NS_ASSERTIONS = NO;
				ENABLE_STRICT_OBJC_MSGSEND = YES;
				GCC_C_LANGUAGE_STANDARD = gnu11;
				GCC_NO_COMMON_BLOCKS = YES;
				GCC_WARN_64_TO_32_BIT_CONVERSION = YES;
				GCC_WARN_ABOUT_RETURN_TYPE = YES_ERROR;
				GCC_WARN_UNDECLARED_SELECTOR = YES;
				GCC_WARN_UNINITIALIZED_AUTOS = YES_AGGRESSIVE;
				GCC_WARN_UNUSED_FUNCTION = YES;
				GCC_WARN_UNUSED_VARIABLE = YES;
				IPHONEOS_DEPLOYMENT_TARGET = 11.4;
				MTL_ENABLE_DEBUG_INFO = NO;
				SDKROOT = iphoneos;
				SWIFT_COMPILATION_MODE = wholemodule;
				SWIFT_OPTIMIZATION_LEVEL = "-O";
				VALIDATE_PRODUCT = YES;
			};
			name = Release;
		};
		F806C085213D682800CD3E9F /* Debug */ = {
			isa = XCBuildConfiguration;
			baseConfigurationReference = 8AFDF0FFED059DCFEF9A2CFF /* Pods-VOLUNTEERAPP.debug.xcconfig */;
			buildSettings = {
				ASSETCATALOG_COMPILER_APPICON_NAME = AppIcon;
				CODE_SIGN_STYLE = Automatic;
				DEVELOPMENT_TEAM = 9TDAR667HU;
				INFOPLIST_FILE = VOLUNTEERAPP/Info.plist;
				LD_RUNPATH_SEARCH_PATHS = (
					"$(inherited)",
					"@executable_path/Frameworks",
				);
				PRODUCT_BUNDLE_IDENTIFIER = Apple.VOLUNTEERAPP;
				PRODUCT_NAME = "$(TARGET_NAME)";
				SWIFT_VERSION = 4.0;
				TARGETED_DEVICE_FAMILY = "1,2";
			};
			name = Debug;
		};
		F806C086213D682800CD3E9F /* Release */ = {
			isa = XCBuildConfiguration;
			baseConfigurationReference = 5ACF549F708F42861DD742AA /* Pods-VOLUNTEERAPP.release.xcconfig */;
			buildSettings = {
				ASSETCATALOG_COMPILER_APPICON_NAME = AppIcon;
				CODE_SIGN_STYLE = Automatic;
				DEVELOPMENT_TEAM = 9TDAR667HU;
				INFOPLIST_FILE = VOLUNTEERAPP/Info.plist;
				LD_RUNPATH_SEARCH_PATHS = (
					"$(inherited)",
					"@executable_path/Frameworks",
				);
				PRODUCT_BUNDLE_IDENTIFIER = Apple.VOLUNTEERAPP;
				PRODUCT_NAME = "$(TARGET_NAME)";
				SWIFT_VERSION = 4.0;
				TARGETED_DEVICE_FAMILY = "1,2";
			};
			name = Release;
		};
/* End XCBuildConfiguration section */

/* Begin XCConfigurationList section */
		F806C06A213D682400CD3E9F /* Build configuration list for PBXProject "VOLUNTEERAPP" */ = {
			isa = XCConfigurationList;
			buildConfigurations = (
				F806C082213D682800CD3E9F /* Debug */,
				F806C083213D682800CD3E9F /* Release */,
			);
			defaultConfigurationIsVisible = 0;
			defaultConfigurationName = Release;
		};
		F806C084213D682800CD3E9F /* Build configuration list for PBXNativeTarget "VOLUNTEERAPP" */ = {
			isa = XCConfigurationList;
			buildConfigurations = (
				F806C085213D682800CD3E9F /* Debug */,
				F806C086213D682800CD3E9F /* Release */,
			);
			defaultConfigurationIsVisible = 0;
			defaultConfigurationName = Release;
		};
/* End XCConfigurationList section */

/* Begin XCVersionGroup section */
		F806C079213D682400CD3E9F /* VOLUNTEERAPP.xcdatamodeld */ = {
			isa = XCVersionGroup;
			children = (
				F806C07A213D682400CD3E9F /* VOLUNTEERAPP.xcdatamodel */,
			);
			currentVersion = F806C07A213D682400CD3E9F /* VOLUNTEERAPP.xcdatamodel */;
			path = VOLUNTEERAPP.xcdatamodeld;
			sourceTree = "<group>";
			versionGroupType = wrapper.xcdatamodel;
		};
/* End XCVersionGroup section */
	};
	rootObject = F806C067213D682400CD3E9F /* Project object */;
}
