// !$*UTF8*$!
{
	archiveVersion = 1;
	classes = {
	};
	objectVersion = 50;
	objects = {

/* Begin PBXBuildFile section */
		F806C073213D682400CD3E9F /* AppDelegate.swift in Sources */ = {isa = PBXBuildFile; fileRef = F806C072213D682400CD3E9F /* AppDelegate.swift */; };
		F806C078213D682400CD3E9F /* Main.storyboard in Resources */ = {isa = PBXBuildFile; fileRef = F806C076213D682400CD3E9F /* Main.storyboard */; };
		F806C07B213D682400CD3E9F /* VOLUNTEERAPP.xcdatamodeld in Sources */ = {isa = PBXBuildFile; fileRef = F806C079213D682400CD3E9F /* VOLUNTEERAPP.xcdatamodeld */; };
		F806C07D213D682800CD3E9F /* Assets.xcassets in Resources */ = {isa = PBXBuildFile; fileRef = F806C07C213D682800CD3E9F /* Assets.xcassets */; };
		F806C080213D682800CD3E9F /* LaunchScreen.storyboard in Resources */ = {isa = PBXBuildFile; fileRef = F806C07E213D682800CD3E9F /* LaunchScreen.storyboard */; };
		F806C089213D6B1A00CD3E9F /* Organization.storyboard in Resources */ = {isa = PBXBuildFile; fileRef = F806C087213D6B1A00CD3E9F /* Organization.storyboard */; };
		F806C08B213D6B5700CD3E9F /* User.storyboard in Resources */ = {isa = PBXBuildFile; fileRef = F806C08A213D6B5700CD3E9F /* User.storyboard */; };
/* End PBXBuildFile section */

/* Begin PBXFileReference section */
		F806C06F213D682400CD3E9F /* VOLUNTEERAPP.app */ = {isa = PBXFileReference; explicitFileType = wrapper.application; includeInIndex = 0; path = VOLUNTEERAPP.app; sourceTree = BUILT_PRODUCTS_DIR; };
		F806C072213D682400CD3E9F /* AppDelegate.swift */ = {isa = PBXFileReference; lastKnownFileType = sourcecode.swift; path = AppDelegate.swift; sourceTree = "<group>"; };
		F806C077213D682400CD3E9F /* Base */ = {isa = PBXFileReference; lastKnownFileType = file.storyboard; name = Base; path = Base.lproj/Main.storyboard; sourceTree = "<group>"; };
		F806C07A213D682400CD3E9F /* VOLUNTEERAPP.xcdatamodel */ = {isa = PBXFileReference; lastKnownFileType = wrapper.xcdatamodel; path = VOLUNTEERAPP.xcdatamodel; sourceTree = "<group>"; };
		F806C07C213D682800CD3E9F /* Assets.xcassets */ = {isa = PBXFileReference; lastKnownFileType = folder.assetcatalog; path = Assets.xcassets; sourceTree = "<group>"; };
		F806C07F213D682800CD3E9F /* Base */ = {isa = PBXFileReference; lastKnownFileType = file.storyboard; name = Base; path = Base.lproj/LaunchScreen.storyboard; sourceTree = "<group>"; };
		F806C081213D682800CD3E9F /* Info.plist */ = {isa = PBXFileReference; lastKnownFileType = text.plist.xml; path = Info.plist; sourceTree = "<group>"; };
		F806C088213D6B1A00CD3E9F /* Base */ = {isa = PBXFileReference; lastKnownFileType = file.storyboard; name = Base; path = VOLUNTEERAPP/Base.lproj/Organization.storyboard; sourceTree = "<group>"; };
		F806C08A213D6B5700CD3E9F /* User.storyboard */ = {isa = PBXFileReference; fileEncoding = 4; lastKnownFileType = file.storyboard; path = User.storyboard; sourceTree = "<group>"; };
/* End PBXFileReference section */

/* Begin PBXFrameworksBuildPhase section */
		F806C06C213D682400CD3E9F /* Frameworks */ = {
			isa = PBXFrameworksBuildPhase;
			buildActionMask = 2147483647;
			files = (
			);
			runOnlyForDeploymentPostprocessing = 0;
		};
/* End PBXFrameworksBuildPhase section */

/* Begin PBXGroup section */
		89E5EE63213D6D000030D15D /* Initial */ = {
			isa = PBXGroup;
			children = (
				F806C076213D682400CD3E9F /* Main.storyboard */,
			);
			path = Initial;
			sourceTree = "<group>";
		};
		89E5EE64213D6D130030D15D /* User */ = {
			isa = PBXGroup;
			children = (
				F806C08A213D6B5700CD3E9F /* User.storyboard */,
			);
			path = User;
			sourceTree = "<group>";
		};
		89E5EE65213D6D1A0030D15D /* Organization */ = {
			isa = PBXGroup;
			children = (
				F806C087213D6B1A00CD3E9F /* Organization.storyboard */,
			);
			path = Organization;
			sourceTree = "<group>";
		};
		89E5EE66213D6DE10030D15D /* View */ = {
			isa = PBXGroup;
			children = (
				89E5EE63213D6D000030D15D /* Initial */,
				89E5EE64213D6D130030D15D /* User */,
				89E5EE65213D6D1A0030D15D /* Organization */,
			);
			path = View;
			sourceTree = "<group>";
		};
		89E5EE67213D6DFE0030D15D /* Controller */ = {
			isa = PBXGroup;
			children = (
			);
			path = Controller;
			sourceTree = "<group>";
		};
		89E5EE68213D6E130030D15D /* Model */ = {
			isa = PBXGroup;
			children = (
			);
			path = Model;
			sourceTree = "<group>";
		};
		F806C066213D682400CD3E9F = {
			isa = PBXGroup;
			children = (
				F806C071213D682400CD3E9F /* VOLUNTEERAPP */,
				F806C070213D682400CD3E9F /* Products */,
			);
			sourceTree = "<group>";
		};
		F806C070213D682400CD3E9F /* Products */ = {
			isa = PBXGroup;
			children = (
				F806C06F213D682400CD3E9F /* VOLUNTEERAPP.app */,
			);
			name = Products;
			sourceTree = "<group>";
		};
		F806C071213D682400CD3E9F /* VOLUNTEERAPP */ = {
			isa = PBXGroup;
			children = (
				89E5EE68213D6E130030D15D /* Model */,
				89E5EE67213D6DFE0030D15D /* Controller */,
				89E5EE66213D6DE10030D15D /* View */,
				F806C072213D682400CD3E9F /* AppDelegate.swift */,
				F806C07C213D682800CD3E9F /* Assets.xcassets */,
				F806C07E213D682800CD3E9F /* LaunchScreen.storyboard */,
				F806C081213D682800CD3E9F /* Info.plist */,
				F806C079213D682400CD3E9F /* VOLUNTEERAPP.xcdatamodeld */,
			);
			path = VOLUNTEERAPP;
			sourceTree = "<group>";
		};
/* End PBXGroup section */

/* Begin PBXNativeTarget section */
		F806C06E213D682400CD3E9F /* VOLUNTEERAPP */ = {
			isa = PBXNativeTarget;
			buildConfigurationList = F806C084213D682800CD3E9F /* Build configuration list for PBXNativeTarget "VOLUNTEERAPP" */;
			buildPhases = (
				F806C06B213D682400CD3E9F /* Sources */,
				F806C06C213D682400CD3E9F /* Frameworks */,
				F806C06D213D682400CD3E9F /* Resources */,
			);
			buildRules = (
			);
			dependencies = (
			);
			name = VOLUNTEERAPP;
			productName = VOLUNTEERAPP;
			productReference = F806C06F213D682400CD3E9F /* VOLUNTEERAPP.app */;
			productType = "com.apple.product-type.application";
		};
/* End PBXNativeTarget section */

/* Begin PBXProject section */
		F806C067213D682400CD3E9F /* Project object */ = {
			isa = PBXProject;
			attributes = {
				LastSwiftUpdateCheck = 0940;
				LastUpgradeCheck = 0940;
				ORGANIZATIONNAME = Klaudius;
				TargetAttributes = {
					F806C06E213D682400CD3E9F = {
						CreatedOnToolsVersion = 9.4.1;
					};
				};
			};
			buildConfigurationList = F806C06A213D682400CD3E9F /* Build configuration list for PBXProject "VOLUNTEERAPP" */;
			compatibilityVersion = "Xcode 9.3";
			developmentRegion = en;
			hasScannedForEncodings = 0;
			knownRegions = (
				en,
				Base,
			);
			mainGroup = F806C066213D682400CD3E9F;
			productRefGroup = F806C070213D682400CD3E9F /* Products */;
			projectDirPath = "";
			projectRoot = "";
			targets = (
				F806C06E213D682400CD3E9F /* VOLUNTEERAPP */,
			);
		};
/* End PBXProject section */

/* Begin PBXResourcesBuildPhase section */
		F806C06D213D682400CD3E9F /* Resources */ = {
			isa = PBXResourcesBuildPhase;
			buildActionMask = 2147483647;
			files = (
				F806C080213D682800CD3E9F /* LaunchScreen.storyboard in Resources */,
				F806C08B213D6B5700CD3E9F /* User.storyboard in Resources */,
				F806C07D213D682800CD3E9F /* Assets.xcassets in Resources */,
				F806C078213D682400CD3E9F /* Main.storyboard in Resources */,
				F806C089213D6B1A00CD3E9F /* Organization.storyboard in Resources */,
			);
			runOnlyForDeploymentPostprocessing = 0;
		};
/* End PBXResourcesBuildPhase section */

/* Begin PBXSourcesBuildPhase section */
		F806C06B213D682400CD3E9F /* Sources */ = {
			isa = PBXSourcesBuildPhase;
			buildActionMask = 2147483647;
			files = (
				F806C07B213D682400CD3E9F /* VOLUNTEERAPP.xcdatamodeld in Sources */,
				F806C073213D682400CD3E9F /* AppDelegate.swift in Sources */,
			);
			runOnlyForDeploymentPostprocessing = 0;
		};
/* End PBXSourcesBuildPhase section */

/* Begin PBXVariantGroup section */
		F806C076213D682400CD3E9F /* Main.storyboard */ = {
			isa = PBXVariantGroup;
			children = (
				F806C077213D682400CD3E9F /* Base */,
			);
			name = Main.storyboard;
			sourceTree = "<group>";
		};
		F806C07E213D682800CD3E9F /* LaunchScreen.storyboard */ = {
			isa = PBXVariantGroup;
			children = (
				F806C07F213D682800CD3E9F /* Base */,
			);
			name = LaunchScreen.storyboard;
			sourceTree = "<group>";
		};
		F806C087213D6B1A00CD3E9F /* Organization.storyboard */ = {
			isa = PBXVariantGroup;
			children = (
				F806C088213D6B1A00CD3E9F /* Base */,
			);
			name = Organization.storyboard;
			sourceTree = "<group>";
		};
/* End PBXVariantGroup section */

/* Begin XCBuildConfiguration section */
		F806C082213D682800CD3E9F /* Debug */ = {
			isa = XCBuildConfiguration;
			buildSettings = {
				ALWAYS_SEARCH_USER_PATHS = NO;
				CLANG_ANALYZER_NONNULL = YES;
				CLANG_ANALYZER_NUMBER_OBJECT_CONVERSION = YES_AGGRESSIVE;
				CLANG_CXX_LANGUAGE_STANDARD = "gnu++14";
				CLANG_CXX_LIBRARY = "libc++";
				CLANG_ENABLE_MODULES = YES;
				CLANG_ENABLE_OBJC_ARC = YES;
				CLANG_ENABLE_OBJC_WEAK = YES;
				CLANG_WARN_BLOCK_CAPTURE_AUTORELEASING = YES;
				CLANG_WARN_BOOL_CONVERSION = YES;
				CLANG_WARN_COMMA = YES;
				CLANG_WARN_CONSTANT_CONVERSION = YES;
				CLANG_WARN_DEPRECATED_OBJC_IMPLEMENTATIONS = YES;
				CLANG_WARN_DIRECT_OBJC_ISA_USAGE = YES_ERROR;
				CLANG_WARN_DOCUMENTATION_COMMENTS = YES;
				CLANG_WARN_EMPTY_BODY = YES;
				CLANG_WARN_ENUM_CONVERSION = YES;
				CLANG_WARN_INFINITE_RECURSION = YES;
				CLANG_WARN_INT_CONVERSION = YES;
				CLANG_WARN_NON_LITERAL_NULL_CONVERSION = YES;
				CLANG_WARN_OBJC_IMPLICIT_RETAIN_SELF = YES;
				CLANG_WARN_OBJC_LITERAL_CONVERSION = YES;
				CLANG_WARN_OBJC_ROOT_CLASS = YES_ERROR;
				CLANG_WARN_RANGE_LOOP_ANALYSIS = YES;
				CLANG_WARN_STRICT_PROTOTYPES = YES;
				CLANG_WARN_SUSPICIOUS_MOVE = YES;
				CLANG_WARN_UNGUARDED_AVAILABILITY = YES_AGGRESSIVE;
				CLANG_WARN_UNREACHABLE_CODE = YES;
				CLANG_WARN__DUPLICATE_METHOD_MATCH = YES;
				CODE_SIGN_IDENTITY = "iPhone Developer";
				COPY_PHASE_STRIP = NO;
				DEBUG_INFORMATION_FORMAT = dwarf;
				ENABLE_STRICT_OBJC_MSGSEND = YES;
				ENABLE_TESTABILITY = YES;
				GCC_C_LANGUAGE_STANDARD = gnu11;
				GCC_DYNAMIC_NO_PIC = NO;
				GCC_NO_COMMON_BLOCKS = YES;
				GCC_OPTIMIZATION_LEVEL = 0;
				GCC_PREPROCESSOR_DEFINITIONS = (
					"DEBUG=1",
					"$(inherited)",
				);
				GCC_WARN_64_TO_32_BIT_CONVERSION = YES;
				GCC_WARN_ABOUT_RETURN_TYPE = YES_ERROR;
				GCC_WARN_UNDECLARED_SELECTOR = YES;
				GCC_WARN_UNINITIALIZED_AUTOS = YES_AGGRESSIVE;
				GCC_WARN_UNUSED_FUNCTION = YES;
				GCC_WARN_UNUSED_VARIABLE = YES;
				IPHONEOS_DEPLOYMENT_TARGET = 11.4;
				MTL_ENABLE_DEBUG_INFO = YES;
				ONLY_ACTIVE_ARCH = YES;
				SDKROOT = iphoneos;
				SWIFT_ACTIVE_COMPILATION_CONDITIONS = DEBUG;
				SWIFT_OPTIMIZATION_LEVEL = "-Onone";
			};
			name = Debug;
		};
		F806C083213D682800CD3E9F /* Release */ = {
			isa = XCBuildConfiguration;
			buildSettings = {
				ALWAYS_SEARCH_USER_PATHS = NO;
				CLANG_ANALYZER_NONNULL = YES;
				CLANG_ANALYZER_NUMBER_OBJECT_CONVERSION = YES_AGGRESSIVE;
				CLANG_CXX_LANGUAGE_STANDARD = "gnu++14";
				CLANG_CXX_LIBRARY = "libc++";
				CLANG_ENABLE_MODULES = YES;
				CLANG_ENABLE_OBJC_ARC = YES;
				CLANG_ENABLE_OBJC_WEAK = YES;
				CLANG_WARN_BLOCK_CAPTURE_AUTORELEASING = YES;
				CLANG_WARN_BOOL_CONVERSION = YES;
				CLANG_WARN_COMMA = YES;
				CLANG_WARN_CONSTANT_CONVERSION = YES;
				CLANG_WARN_DEPRECATED_OBJC_IMPLEMENTATIONS = YES;
				CLANG_WARN_DIRECT_OBJC_ISA_USAGE = YES_ERROR;
				CLANG_WARN_DOCUMENTATION_COMMENTS = YES;
				CLANG_WARN_EMPTY_BODY = YES;
				CLANG_WARN_ENUM_CONVERSION = YES;
				CLANG_WARN_INFINITE_RECURSION = YES;
				CLANG_WARN_INT_CONVERSION = YES;
				CLANG_WARN_NON_LITERAL_NULL_CONVERSION = YES;
				CLANG_WARN_OBJC_IMPLICIT_RETAIN_SELF = YES;
				CLANG_WARN_OBJC_LITERAL_CONVERSION = YES;
				CLANG_WARN_OBJC_ROOT_CLASS = YES_ERROR;
				CLANG_WARN_RANGE_LOOP_ANALYSIS = YES;
				CLANG_WARN_STRICT_PROTOTYPES = YES;
				CLANG_WARN_SUSPICIOUS_MOVE = YES;
				CLANG_WARN_UNGUARDED_AVAILABILITY = YES_AGGRESSIVE;
				CLANG_WARN_UNREACHABLE_CODE = YES;
				CLANG_WARN__DUPLICATE_METHOD_MATCH = YES;
				CODE_SIGN_IDENTITY = "iPhone Developer";
				COPY_PHASE_STRIP = NO;
				DEBUG_INFORMATION_FORMAT = "dwarf-with-dsym";
				ENABLE_NS_ASSERTIONS = NO;
				ENABLE_STRICT_OBJC_MSGSEND = YES;
				GCC_C_LANGUAGE_STANDARD = gnu11;
				GCC_NO_COMMON_BLOCKS = YES;
				GCC_WARN_64_TO_32_BIT_CONVERSION = YES;
				GCC_WARN_ABOUT_RETURN_TYPE = YES_ERROR;
				GCC_WARN_UNDECLARED_SELECTOR = YES;
				GCC_WARN_UNINITIALIZED_AUTOS = YES_AGGRESSIVE;
				GCC_WARN_UNUSED_FUNCTION = YES;
				GCC_WARN_UNUSED_VARIABLE = YES;
				IPHONEOS_DEPLOYMENT_TARGET = 11.4;
				MTL_ENABLE_DEBUG_INFO = NO;
				SDKROOT = iphoneos;
				SWIFT_COMPILATION_MODE = wholemodule;
				SWIFT_OPTIMIZATION_LEVEL = "-O";
				VALIDATE_PRODUCT = YES;
			};
			name = Release;
		};
		F806C085213D682800CD3E9F /* Debug */ = {
			isa = XCBuildConfiguration;
			buildSettings = {
				ASSETCATALOG_COMPILER_APPICON_NAME = AppIcon;
				CODE_SIGN_STYLE = Automatic;
				DEVELOPMENT_TEAM = 9TDAR667HU;
				INFOPLIST_FILE = VOLUNTEERAPP/Info.plist;
				LD_RUNPATH_SEARCH_PATHS = (
					"$(inherited)",
					"@executable_path/Frameworks",
				);
				PRODUCT_BUNDLE_IDENTIFIER = Apple.VOLUNTEERAPP;
				PRODUCT_NAME = "$(TARGET_NAME)";
				SWIFT_VERSION = 4.0;
				TARGETED_DEVICE_FAMILY = "1,2";
			};
			name = Debug;
		};
		F806C086213D682800CD3E9F /* Release */ = {
			isa = XCBuildConfiguration;
			buildSettings = {
				ASSETCATALOG_COMPILER_APPICON_NAME = AppIcon;
				CODE_SIGN_STYLE = Automatic;
				DEVELOPMENT_TEAM = 9TDAR667HU;
				INFOPLIST_FILE = VOLUNTEERAPP/Info.plist;
				LD_RUNPATH_SEARCH_PATHS = (
					"$(inherited)",
					"@executable_path/Frameworks",
				);
				PRODUCT_BUNDLE_IDENTIFIER = Apple.VOLUNTEERAPP;
				PRODUCT_NAME = "$(TARGET_NAME)";
				SWIFT_VERSION = 4.0;
				TARGETED_DEVICE_FAMILY = "1,2";
			};
			name = Release;
		};
/* End XCBuildConfiguration section */

/* Begin XCConfigurationList section */
		F806C06A213D682400CD3E9F /* Build configuration list for PBXProject "VOLUNTEERAPP" */ = {
			isa = XCConfigurationList;
			buildConfigurations = (
				F806C082213D682800CD3E9F /* Debug */,
				F806C083213D682800CD3E9F /* Release */,
			);
			defaultConfigurationIsVisible = 0;
			defaultConfigurationName = Release;
		};
		F806C084213D682800CD3E9F /* Build configuration list for PBXNativeTarget "VOLUNTEERAPP" */ = {
			isa = XCConfigurationList;
			buildConfigurations = (
				F806C085213D682800CD3E9F /* Debug */,
				F806C086213D682800CD3E9F /* Release */,
			);
			defaultConfigurationIsVisible = 0;
			defaultConfigurationName = Release;
		};
/* End XCConfigurationList section */

/* Begin XCVersionGroup section */
		F806C079213D682400CD3E9F /* VOLUNTEERAPP.xcdatamodeld */ = {
			isa = XCVersionGroup;
			children = (
				F806C07A213D682400CD3E9F /* VOLUNTEERAPP.xcdatamodel */,
			);
			currentVersion = F806C07A213D682400CD3E9F /* VOLUNTEERAPP.xcdatamodel */;
			path = VOLUNTEERAPP.xcdatamodeld;
			sourceTree = "<group>";
			versionGroupType = wrapper.xcdatamodel;
		};
/* End XCVersionGroup section */
	};
	rootObject = F806C067213D682400CD3E9F /* Project object */;
}
